Microsoft Visual Studio Solution File, Format Version 12.00
# Visual Studio Version 16
VisualStudioVersion = 16.0.30611.23
MinimumVisualStudioVersion = 10.0.40219.1
Project("{9A19103F-16F7-4668-BE54-9A1E7A4F7556}") = "PseudoEnumerableTask", "PseudoEnumerableTask\PseudoEnumerableTask.csproj", "{438C6C61-0397-4C49-B11E-4520C3167A84}"
EndProject
Project("{9A19103F-16F7-4668-BE54-9A1E7A4F7556}") = "ContainsDigitPredicate", "ContainsDigitPredicate\ContainsDigitPredicate.csproj", "{BCB1576F-51E6-4098-933D-80DCBE429C34}"
EndProject
Project("{9A19103F-16F7-4668-BE54-9A1E7A4F7556}") = "PseudoEnumerableTask.Tests", "PseudoEnumerableTask.Tests\PseudoEnumerableTask.Tests.csproj", "{C73187AF-CDEC-4DF8-B6D2-74C6496C5B5E}"
EndProject
Project("{9A19103F-16F7-4668-BE54-9A1E7A4F7556}") = "Comparers", "Comparers\Comparers.csproj", "{D2A4BB79-1935-4449-8DD7-2B5C66A568C7}"
EndProject
Global
	GlobalSection(SolutionConfigurationPlatforms) = preSolution
		Debug|Any CPU = Debug|Any CPU
		Release|Any CPU = Release|Any CPU
	EndGlobalSection
	GlobalSection(ProjectConfigurationPlatforms) = postSolution
		{438C6C61-0397-4C49-B11E-4520C3167A84}.Debug|Any CPU.ActiveCfg = Debug|Any CPU
		{438C6C61-0397-4C49-B11E-4520C3167A84}.Debug|Any CPU.Build.0 = Debug|Any CPU
		{438C6C61-0397-4C49-B11E-4520C3167A84}.Release|Any CPU.ActiveCfg = Release|Any CPU
		{438C6C61-0397-4C49-B11E-4520C3167A84}.Release|Any CPU.Build.0 = Release|Any CPU
		{BCB1576F-51E6-4098-933D-80DCBE429C34}.Debug|Any CPU.ActiveCfg = Debug|Any CPU
		{BCB1576F-51E6-4098-933D-80DCBE429C34}.Debug|Any CPU.Build.0 = Debug|Any CPU
		{BCB1576F-51E6-4098-933D-80DCBE429C34}.Release|Any CPU.ActiveCfg = Release|Any CPU
		{BCB1576F-51E6-4098-933D-80DCBE429C34}.Release|Any CPU.Build.0 = Release|Any CPU
		{C73187AF-CDEC-4DF8-B6D2-74C6496C5B5E}.Debug|Any CPU.ActiveCfg = Debug|Any CPU
		{C73187AF-CDEC-4DF8-B6D2-74C6496C5B5E}.Debug|Any CPU.Build.0 = Debug|Any CPU
		{C73187AF-CDEC-4DF8-B6D2-74C6496C5B5E}.Release|Any CPU.ActiveCfg = Release|Any CPU
		{C73187AF-CDEC-4DF8-B6D2-74C6496C5B5E}.Release|Any CPU.Build.0 = Release|Any CPU
		{D2A4BB79-1935-4449-8DD7-2B5C66A568C7}.Debug|Any CPU.ActiveCfg = Debug|Any CPU
		{D2A4BB79-1935-4449-8DD7-2B5C66A568C7}.Debug|Any CPU.Build.0 = Debug|Any CPU
		{D2A4BB79-1935-4449-8DD7-2B5C66A568C7}.Release|Any CPU.ActiveCfg = Release|Any CPU
		{D2A4BB79-1935-4449-8DD7-2B5C66A568C7}.Release|Any CPU.Build.0 = Release|Any CPU
	EndGlobalSection
	GlobalSection(SolutionProperties) = preSolution
		HideSolutionNode = FALSE
	EndGlobalSection
	GlobalSection(ExtensibilityGlobals) = postSolution
		SolutionGuid = {55CD8E59-63C0-4BFE-83B5-B1F624EBB0FC}
	EndGlobalSection
EndGlobal
